
Microsoft Visual Studio Solution File, Format Version 12.00
# Visual Studio Version 16
VisualStudioVersion = 16.0.31911.196
MinimumVisualStudioVersion = 10.0.40219.1
Project("{FAE04EC0-301F-11D3-BF4B-00C04F79EFBC}") = "MsDiStackOverflowDemo", "MsDiStackOverflowDemo\MsDiStackOverflowDemo.csproj", "{AC1497A0-BC5B-4DF1-A626-6F05A0D7CF5E}"
EndProject
Global
	GlobalSection(SolutionConfigurationPlatforms) = preSolution
		Debug|Any CPU = Debug|Any CPU
		Release|Any CPU = Release|Any CPU
	EndGlobalSection
	GlobalSection(ProjectConfigurationPlatforms) = postSolution
		{AC1497A0-BC5B-4DF1-A626-6F05A0D7CF5E}.Debug|Any CPU.ActiveCfg = Debug|Any CPU
		{AC1497A0-BC5B-4DF1-A626-6F05A0D7CF5E}.Debug|Any CPU.Build.0 = Debug|Any CPU
		{AC1497A0-BC5B-4DF1-A626-6F05A0D7CF5E}.Release|Any CPU.ActiveCfg = Release|Any CPU
		{AC1497A0-BC5B-4DF1-A626-6F05A0D7CF5E}.Release|Any CPU.Build.0 = Release|Any CPU
	EndGlobalSection
	GlobalSection(SolutionProperties) = preSolution
		HideSolutionNode = FALSE
	EndGlobalSection
	GlobalSection(ExtensibilityGlobals) = postSolution
		SolutionGuid = {0B5803E0-9FE1-428B-8EAA-F8D017391C39}
	EndGlobalSection
EndGlobal
